{
  "version": 4,
  "terraform_version": "1.12.2",
  "serial": 6,
  "lineage": "80d478cd-7006-c20e-f889-8787e6dc9518",
  "outputs": {
    "ecs_cluster_name": {
      "value": "imtech",
      "type": "string"
    },
    "ecs_service_name": {
      "value": "imtech-amit-nginx-service",
      "type": "string"
    },
    "load_balancer_dns": {
      "value": "imtec-27005153.il-central-1.elb.amazonaws.com",
      "type": "string"
    },
    "load_balancer_port": {
      "value": 9988,
      "type": "number"
    },
    "task_definition_arn": {
      "value": "arn:aws:ecs:il-central-1:314525640319:task-definition/imtech-nginx-task:1",
      "type": "string"
    }
  },
  "resources": [
    {
      "mode": "data",
      "type": "aws_ecs_cluster",
      "name": "imtech_cluster",
      "provider": "provider[\"registry.terraform.io/hashicorp/aws\"]",
      "instances": [
        {
          "schema_version": 0,
          "attributes": {
            "arn": "arn:aws:ecs:il-central-1:314525640319:cluster/imtech",
            "cluster_name": "imtech",
            "id": "arn:aws:ecs:il-central-1:314525640319:cluster/imtech",
            "pending_tasks_count": 0,
            "registered_container_instances_count": 0,
            "running_tasks_count": 0,
            "service_connect_defaults": [],
            "setting": [
              {
                "name": "containerInsights",
                "value": "disabled"
              }
            ],
            "status": "ACTIVE",
            "tags": {}
          },
          "sensitive_attributes": [],
          "identity_schema_version": 0
        }
      ]
    },
    {
      "mode": "data",
      "type": "aws_lb",
      "name": "imtec",
      "provider": "provider[\"registry.terraform.io/hashicorp/aws\"]",
      "instances": [
        {
          "schema_version": 0,
          "attributes": {
            "access_logs": [
              {
                "bucket": "",
                "enabled": false,
                "prefix": ""
              }
            ],
            "arn": "arn:aws:elasticloadbalancing:il-central-1:314525640319:loadbalancer/app/imtec/dd67eee2877975d6",
            "arn_suffix": "app/imtec/dd67eee2877975d6",
            "client_keep_alive": 3600,
            "connection_logs": [
              {
                "bucket": "",
                "enabled": false,
                "prefix": ""
              }
            ],
            "customer_owned_ipv4_pool": "",
            "desync_mitigation_mode": "defensive",
            "dns_name": "imtec-27005153.il-central-1.elb.amazonaws.com",
            "dns_record_client_routing_policy": null,
            "drop_invalid_header_fields": false,
            "enable_cross_zone_load_balancing": true,
            "enable_deletion_protection": false,
            "enable_http2": true,
            "enable_tls_version_and_cipher_suite_headers": false,
            "enable_waf_fail_open": false,
            "enable_xff_client_port": false,
            "enable_zonal_shift": false,
            "enforce_security_group_inbound_rules_on_private_link_traffic": "",
            "id": "arn:aws:elasticloadbalancing:il-central-1:314525640319:loadbalancer/app/imtec/dd67eee2877975d6",
            "idle_timeout": 60,
            "internal": false,
            "ip_address_type": "ipv4",
            "ipam_pools": [],
            "load_balancer_type": "application",
            "name": "imtec",
            "preserve_host_header": false,
            "security_groups": [
              "sg-0ac3749215afde82a"
            ],
            "subnet_mapping": [
              {
                "allocation_id": "",
                "ipv6_address": "",
                "outpost_id": "",
                "private_ipv4_address": "",
                "subnet_id": "subnet-0a1cbd99dd27a5307"
              },
              {
                "allocation_id": "",
                "ipv6_address": "",
                "outpost_id": "",
                "private_ipv4_address": "",
                "subnet_id": "subnet-0d0b0b1b77639731b"
              }
            ],
            "subnets": [
              "subnet-0a1cbd99dd27a5307",
              "subnet-0d0b0b1b77639731b"
            ],
            "tags": {},
            "timeouts": null,
            "vpc_id": "vpc-042cee0fdc6a5a7e2",
            "xff_header_processing_mode": "append",
            "zone_id": "Z09170902867EHPV2DABU"
          },
          "sensitive_attributes": [],
          "identity_schema_version": 0
        }
      ]
    },
    {
      "mode": "data",
      "type": "aws_security_group",
      "name": "existing_sg",
      "provider": "provider[\"registry.terraform.io/hashicorp/aws\"]",
      "instances": [
        {
          "schema_version": 0,
          "attributes": {
            "arn": "arn:aws:ec2:il-central-1:314525640319:security-group/sg-0ac3749215afde82a",
            "description": "launch-wizard-4 created 2025-04-06T12:00:50.378Z",
            "filter": null,
            "id": "sg-0ac3749215afde82a",
            "name": "launch-wizard-4",
            "tags": {},
            "timeouts": null,
            "vpc_id": "vpc-042cee0fdc6a5a7e2"
          },
          "sensitive_attributes": [],
          "identity_schema_version": 0
        }
      ]
    },
    {
      "mode": "data",
      "type": "aws_subnet",
      "name": "existing_subnet",
      "provider": "provider[\"registry.terraform.io/hashicorp/aws\"]",
      "instances": [
        {
          "schema_version": 0,
          "attributes": {
            "arn": "arn:aws:ec2:il-central-1:314525640319:subnet/subnet-088b7d937a4cd5d85",
            "assign_ipv6_address_on_creation": false,
            "availability_zone": "il-central-1a",
            "availability_zone_id": "ilc1-az1",
            "available_ip_address_count": 910,
            "cidr_block": "172.30.8.0/22",
            "customer_owned_ipv4_pool": "",
            "default_for_az": false,
            "enable_dns64": false,
            "enable_lni_at_device_index": 0,
            "enable_resource_name_dns_a_record_on_launch": false,
            "enable_resource_name_dns_aaaa_record_on_launch": false,
            "filter": null,
            "id": "subnet-088b7d937a4cd5d85",
            "ipv6_cidr_block": "",
            "ipv6_cidr_block_association_id": "",
            "ipv6_native": false,
            "map_customer_owned_ip_on_launch": false,
            "map_public_ip_on_launch": false,
            "outpost_arn": "",
            "owner_id": "314525640319",
            "private_dns_hostname_type_on_launch": "ip-name",
            "state": "available",
            "tags": {
              "Name": "imtech-private-1"
            },
            "timeouts": null,
            "vpc_id": "vpc-042cee0fdc6a5a7e2"
          },
          "sensitive_attributes": [],
          "identity_schema_version": 0
        }
      ]
    },
    {
      "mode": "data",
      "type": "aws_subnets",
      "name": "vpc_subnets",
      "provider": "provider[\"registry.terraform.io/hashicorp/aws\"]",
      "instances": [
        {
          "schema_version": 0,
          "attributes": {
            "filter": [
              {
                "name": "vpc-id",
                "values": [
                  "vpc-042cee0fdc6a5a7e2"
                ]
              }
            ],
            "id": "il-central-1",
            "ids": [
              "subnet-01e6348062924d048",
              "subnet-0a1cbd99dd27a5307",
              "subnet-0d0b0b1b77639731b",
              "subnet-088b7d937a4cd5d85"
            ],
            "tags": null,
            "timeouts": null
          },
          "sensitive_attributes": [],
          "identity_schema_version": 0
        }
      ]
    },
    {
      "mode": "data",
      "type": "aws_vpc",
      "name": "existing_vpc",
      "provider": "provider[\"registry.terraform.io/hashicorp/aws\"]",
      "instances": [
        {
          "schema_version": 0,
          "attributes": {
            "arn": "arn:aws:ec2:il-central-1:314525640319:vpc/vpc-042cee0fdc6a5a7e2",
            "cidr_block": "172.30.0.0/17",
            "cidr_block_associations": [
              {
                "association_id": "vpc-cidr-assoc-0d9d4939a94b1ac87",
                "cidr_block": "172.30.0.0/17",
                "state": "associated"
              }
            ],
            "default": false,
            "dhcp_options_id": "dopt-0269932d808b3b841",
            "enable_dns_hostnames": true,
            "enable_dns_support": true,
            "enable_network_address_usage_metrics": false,
            "filter": null,
            "id": "vpc-042cee0fdc6a5a7e2",
            "instance_tenancy": "default",
            "ipv6_association_id": "",
            "ipv6_cidr_block": "",
            "main_route_table_id": "rtb-0037ad6cccbb0fdf0",
            "owner_id": "314525640319",
            "state": null,
            "tags": {
              "Name": "imtech"
            },
            "timeouts": null
          },
          "sensitive_attributes": [],
          "identity_schema_version": 0
        }
      ]
    },
    {
      "mode": "managed",
      "type": "aws_cloudwatch_log_group",
      "name": "nginx_logs",
      "provider": "provider[\"registry.terraform.io/hashicorp/aws\"]",
      "instances": [
        {
          "schema_version": 0,
          "attributes": {
            "arn": "arn:aws:logs:il-central-1:314525640319:log-group:/ecs/amit-imtech-nginx",
            "id": "/ecs/amit-imtech-nginx",
            "kms_key_id": "",
            "log_group_class": "STANDARD",
            "name": "/ecs/amit-imtech-nginx",
            "name_prefix": "",
            "retention_in_days": 7,
            "skip_destroy": false,
            "tags": {
              "Name": "imtech-nginx-logs"
            },
            "tags_all": {
              "Name": "imtech-nginx-logs"
            }
          },
          "sensitive_attributes": [],
          "identity_schema_version": 0,
          "private": "bnVsbA=="
        }
      ]
    },
    {
      "mode": "managed",
      "type": "aws_ecs_service",
      "name": "nginx_service",
      "provider": "provider[\"registry.terraform.io/hashicorp/aws\"]",
      "instances": [
        {
          "schema_version": 1,
          "attributes": {
            "alarms": [],
            "availability_zone_rebalancing": "DISABLED",
            "capacity_provider_strategy": [],
            "cluster": "arn:aws:ecs:il-central-1:314525640319:cluster/imtech",
            "deployment_circuit_breaker": [
              {
                "enable": false,
                "rollback": false
              }
            ],
            "deployment_controller": [
              {
                "type": "ECS"
              }
            ],
            "deployment_maximum_percent": 200,
            "deployment_minimum_healthy_percent": 100,
            "desired_count": 2,
            "enable_ecs_managed_tags": false,
            "enable_execute_command": false,
            "force_delete": null,
            "force_new_deployment": null,
            "health_check_grace_period_seconds": 0,
            "iam_role": "/aws-service-role/ecs.amazonaws.com/AWSServiceRoleForECS",
            "id": "arn:aws:ecs:il-central-1:314525640319:service/imtech/imtech-amit-nginx-service",
            "launch_type": "FARGATE",
            "load_balancer": [
              {
                "container_name": "nginx",
                "container_port": 80,
                "elb_name": "",
                "target_group_arn": "arn:aws:elasticloadbalancing:il-central-1:314525640319:targetgroup/imtech-nginx-tg/9f9542d4494b6458"
              }
            ],
            "name": "imtech-amit-nginx-service",
            "network_configuration": [
              {
                "assign_public_ip": false,
                "security_groups": [
                  "sg-0ac3749215afde82a"
                ],
                "subnets": [
                  "subnet-088b7d937a4cd5d85"
                ]
              }
            ],
            "ordered_placement_strategy": [],
            "placement_constraints": [],
            "platform_version": "LATEST",
            "propagate_tags": "NONE",
            "scheduling_strategy": "REPLICA",
            "service_connect_configuration": [],
            "service_registries": [],
            "tags": {
              "Name": "imtech-nginx-service"
            },
            "tags_all": {
              "Name": "imtech-nginx-service"
            },
            "task_definition": "arn:aws:ecs:il-central-1:314525640319:task-definition/imtech-nginx-task:1",
            "timeouts": null,
            "triggers": {},
            "volume_configuration": [],
            "vpc_lattice_configurations": [],
            "wait_for_steady_state": false
          },
          "sensitive_attributes": [],
          "identity_schema_version": 0,
          "private": "eyJlMmJmYjczMC1lY2FhLTExZTYtOGY4OC0zNDM2M2JjN2M0YzAiOnsiY3JlYXRlIjoxMjAwMDAwMDAwMDAwLCJkZWxldGUiOjEyMDAwMDAwMDAwMDAsInVwZGF0ZSI6MTIwMDAwMDAwMDAwMH0sInNjaGVtYV92ZXJzaW9uIjoiMSJ9",
          "dependencies": [
            "aws_cloudwatch_log_group.nginx_logs",
            "aws_ecs_task_definition.nginx_task",
            "aws_lb_listener.nginx_listener",
            "aws_lb_target_group.nginx_tg",
            "data.aws_ecs_cluster.imtech_cluster",
            "data.aws_lb.imtec",
            "data.aws_security_group.existing_sg",
            "data.aws_subnet.existing_subnet",
            "data.aws_vpc.existing_vpc"
          ]
        }
      ]
    },
    {
      "mode": "managed",
      "type": "aws_ecs_task_definition",
      "name": "nginx_task",
      "provider": "provider[\"registry.terraform.io/hashicorp/aws\"]",
      "instances": [
        {
          "schema_version": 1,
          "attributes": {
            "arn": "arn:aws:ecs:il-central-1:314525640319:task-definition/imtech-nginx-task:1",
            "arn_without_revision": "arn:aws:ecs:il-central-1:314525640319:task-definition/imtech-nginx-task",
            "container_definitions": "[{\"command\":[\"/fluent-bit/bin/fluent-bit\",\"--config=/fluent-bit/etc/fluent-bit.conf\"],\"dockerLabels\":{\"fluent-bit-config\":\"W1NFUlZJQ0VdCiAgICBGbHVzaCAgICAgICAgIDEKICAgIExvZ19MZXZlbCAgICAgaW5mbwogICAgRGFlbW9uICAgICAgICBvZmYKICAgIFBhcnNlcnNfRmlsZSAgcGFyc2Vycy5jb25mCgpbSU5QVVRdCiAgICBOYW1lICAgICAgICAgICAgICB0YWlsCiAgICBQYXRoICAgICAgICAgICAgICAvdmFyL2xvZy9uZ2lueC9hY2Nlc3MubG9nCiAgICBQYXRoX0tleSAgICAgICAgICBmaWxlbmFtZQogICAgUGFyc2VyICAgICAgICAgICAgbmdpbngKICAgIFRhZyAgICAgICAgICAgICAgIG5naW54LmFjY2VzcwogICAgUmVmcmVzaF9JbnRlcnZhbCAgNQoKW0lOUFVUXQogICAgTmFtZSAgICAgICAgICAgICAgdGFpbAogICAgUGF0aCAgICAgICAgICAgICAgL3Zhci9sb2cvbmdpbngvZXJyb3IubG9nCiAgICBQYXRoX0tleSAgICAgICAgICBmaWxlbmFtZQogICAgUGFyc2VyICAgICAgICAgICAgbmdpbnhfZXJyb3IKICAgIFRhZyAgICAgICAgICAgICAgIG5naW54LmVycm9yCiAgICBSZWZyZXNoX0ludGVydmFsICA1CgpbT1VUUFVUXQogICAgTmFtZSAgdGNwCiAgICBNYXRjaCBuZ2lueC4qCiAgICBIb3N0ICAxNzIuMjkuODAuMTAKICAgIFBvcnQgIDY3ODkKICAgIEZvcm1hdCBqc29uX2xpbmVzCgpbUEFSU0VSXQogICAgTmFtZSAgICAgICAgbmdpbngKICAgIEZvcm1hdCAgICAgIHJlZ2V4CiAgICBSZWdleCAgICAgICBeKD88cmVtb3RlPlteIF0qKSAoPzxob3N0PlteIF0qKSAoPzx1c2VyPlteIF0qKSBcWyg/PHRpbWU+W15cXV0qKVxdICIoPzxtZXRob2Q+XFMrKSg/OiArKD88cGF0aD5bXlwiXSo/KSg/OiArXFMqKT8pPyIgKD88Y29kZT5bXiBdKikgKD88c2l6ZT5bXiBdKikoPzogIig/PHJlZmVyZXI+W15cIl0qKSIgIig/PGFnZW50PlteXCJdKikiKT8kCiAgICBUaW1lX0tleSAgICB0aW1lCiAgICBUaW1lX0Zvcm1hdCAlZC8lYi8lWTolSDolTTolUyAlegoKW1BBUlNFUl0KICAgIE5hbWUgICAgICAgIG5naW54X2Vycm9yCiAgICBGb3JtYXQgICAgICByZWdleAogICAgUmVnZXggICAgICAgXig/PHRpbWU+XGR7NH0vXGR7Mn0vXGR7Mn0gXGR7Mn06XGR7Mn06XGR7Mn0pIFxbKD88bGV2ZWw+XHcrKVxdICg/PHBpZD5cZCspLig/PHRpZD5cZCspOiAoPzxtZXNzYWdlPi4qKSQKICAgIFRpbWVfS2V5ICAgIHRpbWUKICAgIFRpbWVfRm9ybWF0ICVZLyVtLyVkICVIOiVNOiVTCg==\"},\"environment\":[{\"name\":\"LOGSTASH_HOST\",\"value\":\"172.29.80.10\"},{\"name\":\"LOGSTASH_PORT\",\"value\":\"6789\"}],\"essential\":false,\"image\":\"fluent/fluent-bit:latest\",\"logConfiguration\":{\"logDriver\":\"awslogs\",\"options\":{\"awslogs-group\":\"/ecs/amit-imtech-nginx\",\"awslogs-region\":\"il-central-1\",\"awslogs-stream-prefix\":\"log-forwarder\"}},\"mountPoints\":[{\"containerPath\":\"/var/log/nginx\",\"readOnly\":true,\"sourceVolume\":\"nginx-logs\"}],\"name\":\"log-forwarder\",\"portMappings\":[],\"systemControls\":[],\"volumesFrom\":[]},{\"environment\":[],\"essential\":true,\"image\":\"nginx:latest\",\"logConfiguration\":{\"logDriver\":\"awslogs\",\"options\":{\"awslogs-group\":\"/ecs/amit-imtech-nginx\",\"awslogs-region\":\"il-central-1\",\"awslogs-stream-prefix\":\"nginx\"}},\"mountPoints\":[{\"containerPath\":\"/var/log/nginx\",\"readOnly\":false,\"sourceVolume\":\"nginx-logs\"}],\"name\":\"nginx\",\"portMappings\":[{\"containerPort\":80,\"hostPort\":80,\"protocol\":\"tcp\"}],\"systemControls\":[],\"volumesFrom\":[]}]",
            "cpu": "256",
            "enable_fault_injection": false,
            "ephemeral_storage": [],
            "execution_role_arn": "arn:aws:iam::314525640319:role/ecsTaskExecutionRole",
            "family": "imtech-nginx-task",
            "id": "imtech-nginx-task",
            "inference_accelerator": [],
            "ipc_mode": "",
            "memory": "512",
            "network_mode": "awsvpc",
            "pid_mode": "",
            "placement_constraints": [],
            "proxy_configuration": [],
            "requires_compatibilities": [
              "FARGATE"
            ],
            "revision": 1,
            "runtime_platform": [],
            "skip_destroy": false,
            "tags": {
              "Name": "imtech-nginx-task-definition"
            },
            "tags_all": {
              "Name": "imtech-nginx-task-definition"
            },
            "task_role_arn": "",
            "track_latest": false,
            "volume": [
              {
                "configure_at_launch": false,
                "docker_volume_configuration": [],
                "efs_volume_configuration": [],
                "fsx_windows_file_server_volume_configuration": [],
                "host_path": "",
                "name": "nginx-logs"
              }
            ]
          },
          "sensitive_attributes": [],
          "identity_schema_version": 0,
          "private": "eyJzY2hlbWFfdmVyc2lvbiI6IjEifQ==",
          "dependencies": [
            "aws_cloudwatch_log_group.nginx_logs"
          ]
        }
      ]
    },
    {
      "mode": "managed",
      "type": "aws_lb_listener",
      "name": "nginx_listener",
      "provider": "provider[\"registry.terraform.io/hashicorp/aws\"]",
      "instances": [
        {
          "schema_version": 0,
          "attributes": {
            "alpn_policy": null,
            "arn": "arn:aws:elasticloadbalancing:il-central-1:314525640319:listener/app/imtec/dd67eee2877975d6/e989e43aa0b9fade",
            "certificate_arn": null,
            "default_action": [
              {
                "authenticate_cognito": [],
                "authenticate_oidc": [],
                "fixed_response": [],
                "forward": [],
                "order": 1,
                "redirect": [],
                "target_group_arn": "arn:aws:elasticloadbalancing:il-central-1:314525640319:targetgroup/imtech-nginx-tg/9f9542d4494b6458",
                "type": "forward"
              }
            ],
            "id": "arn:aws:elasticloadbalancing:il-central-1:314525640319:listener/app/imtec/dd67eee2877975d6/e989e43aa0b9fade",
            "load_balancer_arn": "arn:aws:elasticloadbalancing:il-central-1:314525640319:loadbalancer/app/imtec/dd67eee2877975d6",
            "mutual_authentication": [],
            "port": 9988,
            "protocol": "HTTP",
            "routing_http_request_x_amzn_mtls_clientcert_header_name": null,
            "routing_http_request_x_amzn_mtls_clientcert_issuer_header_name": null,
            "routing_http_request_x_amzn_mtls_clientcert_leaf_header_name": null,
            "routing_http_request_x_amzn_mtls_clientcert_serial_number_header_name": null,
            "routing_http_request_x_amzn_mtls_clientcert_subject_header_name": null,
            "routing_http_request_x_amzn_mtls_clientcert_validity_header_name": null,
            "routing_http_request_x_amzn_tls_cipher_suite_header_name": null,
            "routing_http_request_x_amzn_tls_version_header_name": null,
            "routing_http_response_access_control_allow_credentials_header_value": "",
            "routing_http_response_access_control_allow_headers_header_value": "",
            "routing_http_response_access_control_allow_methods_header_value": "",
            "routing_http_response_access_control_allow_origin_header_value": "",
            "routing_http_response_access_control_expose_headers_header_value": "",
            "routing_http_response_access_control_max_age_header_value": "",
            "routing_http_response_content_security_policy_header_value": "",
            "routing_http_response_server_enabled": true,
            "routing_http_response_strict_transport_security_header_value": "",
            "routing_http_response_x_content_type_options_header_value": "",
            "routing_http_response_x_frame_options_header_value": "",
            "ssl_policy": "",
            "tags": {
              "Name": "imtech-nginx-listener"
            },
            "tags_all": {
              "Name": "imtech-nginx-listener"
            },
            "tcp_idle_timeout_seconds": null,
            "timeouts": null
          },
          "sensitive_attributes": [],
          "identity_schema_version": 0,
          "private": "eyJlMmJmYjczMC1lY2FhLTExZTYtOGY4OC0zNDM2M2JjN2M0YzAiOnsiY3JlYXRlIjozMDAwMDAwMDAwMDAsInVwZGF0ZSI6MzAwMDAwMDAwMDAwfX0=",
          "dependencies": [
            "aws_lb_target_group.nginx_tg",
            "data.aws_lb.imtec",
            "data.aws_subnet.existing_subnet",
            "data.aws_vpc.existing_vpc"
          ]
        }
      ]
    },
    {
      "mode": "managed",
      "type": "aws_lb_target_group",
      "name": "nginx_tg",
      "provider": "provider[\"registry.terraform.io/hashicorp/aws\"]",
      "instances": [
        {
          "schema_version": 0,
          "attributes": {
            "arn": "arn:aws:elasticloadbalancing:il-central-1:314525640319:targetgroup/imtech-nginx-tg/9f9542d4494b6458",
            "arn_suffix": "targetgroup/imtech-nginx-tg/9f9542d4494b6458",
            "connection_termination": null,
            "deregistration_delay": "300",
            "health_check": [
              {
                "enabled": true,
                "healthy_threshold": 2,
                "interval": 30,
                "matcher": "200",
                "path": "/",
                "port": "traffic-port",
                "protocol": "HTTP",
                "timeout": 5,
                "unhealthy_threshold": 2
              }
            ],
            "id": "arn:aws:elasticloadbalancing:il-central-1:314525640319:targetgroup/imtech-nginx-tg/9f9542d4494b6458",
            "ip_address_type": "ipv4",
            "lambda_multi_value_headers_enabled": false,
            "load_balancer_arns": [],
            "load_balancing_algorithm_type": "round_robin",
            "load_balancing_anomaly_mitigation": "off",
            "load_balancing_cross_zone_enabled": "use_load_balancer_configuration",
            "name": "imtech-nginx-tg",
            "name_prefix": "",
            "port": 80,
            "preserve_client_ip": null,
            "protocol": "HTTP",
            "protocol_version": "HTTP1",
            "proxy_protocol_v2": false,
            "slow_start": 0,
            "stickiness": [
              {
                "cookie_duration": 86400,
                "cookie_name": "",
                "enabled": false,
                "type": "lb_cookie"
              }
            ],
            "tags": {
              "Name": "imtech-nginx-target-group"
            },
            "tags_all": {
              "Name": "imtech-nginx-target-group"
            },
            "target_failover": [
              {
                "on_deregistration": null,
                "on_unhealthy": null
              }
            ],
            "target_group_health": [
              {
                "dns_failover": [
                  {
                    "minimum_healthy_targets_count": "1",
                    "minimum_healthy_targets_percentage": "off"
                  }
                ],
                "unhealthy_state_routing": [
                  {
                    "minimum_healthy_targets_count": 1,
                    "minimum_healthy_targets_percentage": "off"
                  }
                ]
              }
            ],
            "target_health_state": [
              {
                "enable_unhealthy_connection_termination": null,
                "unhealthy_draining_interval": null
              }
            ],
            "target_type": "ip",
            "vpc_id": "vpc-042cee0fdc6a5a7e2"
          },
          "sensitive_attributes": [],
          "identity_schema_version": 0,
          "private": "bnVsbA==",
          "dependencies": [
            "data.aws_subnet.existing_subnet",
            "data.aws_vpc.existing_vpc"
          ]
        }
      ]
    }
  ],
  "check_results": null
}
